// !$*UTF8*$!
{
	archiveVersion = 1;
	classes = {
	};
	objectVersion = 46;
	objects = {

/* Begin PBXBuildFile section */
		450236BC1F51B2F30030159C /* light.ies in Resources */ = {isa = PBXBuildFile; fileRef = 450236BB1F51B2F30030159C /* light.ies */; };
		450236BE1F51B73D0030159C /* Light.swift in Sources */ = {isa = PBXBuildFile; fileRef = 450236BD1F51B73D0030159C /* Light.swift */; };
		450236C11F51B7680030159C /* Camera.swift in Sources */ = {isa = PBXBuildFile; fileRef = 450236BF1F51B7680030159C /* Camera.swift */; };
		450236C21F51B7680030159C /* MeshLoader.swift in Sources */ = {isa = PBXBuildFile; fileRef = 450236C01F51B7680030159C /* MeshLoader.swift */; };
		450236C61F51B9A50030159C /* LightFeatures.swift in Sources */ = {isa = PBXBuildFile; fileRef = 450236C51F51B9A50030159C /* LightFeatures.swift */; };
		450236CC1F51BF0F0030159C /* Object.swift in Sources */ = {isa = PBXBuildFile; fileRef = 450236CB1F51BF0F0030159C /* Object.swift */; };
		455B7F241F5370780030A9D6 /* BlinnPhongDiffuseMaterialComponent.swift in Sources */ = {isa = PBXBuildFile; fileRef = 455B7F231F5370780030A9D6 /* BlinnPhongDiffuseMaterialComponent.swift */; };
		45BCCBEE1F50D60B00497E86 /* SceneCollada.m in Sources */ = {isa = PBXBuildFile; fileRef = 45BCCBE81F50D60B00497E86 /* SceneCollada.m */; };
		45BCCBEF1F50D60B00497E86 /* PhysicallyBasedLight.swift in Sources */ = {isa = PBXBuildFile; fileRef = 45BCCBEA1F50D60B00497E86 /* PhysicallyBasedLight.swift */; };
		45BCCBF01F50D60B00497E86 /* PhysicallyBasedLightFeatures.swift in Sources */ = {isa = PBXBuildFile; fileRef = 45BCCBEB1F50D60B00497E86 /* PhysicallyBasedLightFeatures.swift */; };
		45BCCBF11F50D60B00497E86 /* PhysicallyBasedScene.swift in Sources */ = {isa = PBXBuildFile; fileRef = 45BCCBEC1F50D60B00497E86 /* PhysicallyBasedScene.swift */; };
		45BCCBF51F50D6BB00497E86 /* PhysicallyBasedMaterial.swift in Sources */ = {isa = PBXBuildFile; fileRef = 45BCCBF41F50D6BB00497E86 /* PhysicallyBasedMaterial.swift */; };
		45BCCBF91F50D70000497E86 /* PhysicallyBasedObject.swift in Sources */ = {isa = PBXBuildFile; fileRef = 45BCCBF81F50D70000497E86 /* PhysicallyBasedObject.swift */; };
		45BCCBFB1F50D9AD00497E86 /* PhysicallyBasedLightingEnviroment.swift in Sources */ = {isa = PBXBuildFile; fileRef = 45BCCBFA1F50D9AD00497E86 /* PhysicallyBasedLightingEnviroment.swift */; };
		45C2AAA91F51CE9500716013 /* AmbientLight.swift in Sources */ = {isa = PBXBuildFile; fileRef = 45C2AA9F1F51CE9500716013 /* AmbientLight.swift */; };
		45C2AAAA1F51CE9500716013 /* BlinnPhongMaterial.swift in Sources */ = {isa = PBXBuildFile; fileRef = 45C2AAA01F51CE9500716013 /* BlinnPhongMaterial.swift */; };
		45C2AAAB1F51CE9500716013 /* BoxFeatures.swift in Sources */ = {isa = PBXBuildFile; fileRef = 45C2AAA11F51CE9500716013 /* BoxFeatures.swift */; };
		45C2AAAC1F51CE9500716013 /* DynamicBox.swift in Sources */ = {isa = PBXBuildFile; fileRef = 45C2AAA21F51CE9500716013 /* DynamicBox.swift */; };
		45C2AAAD1F51CE9500716013 /* DynamicSphere.swift in Sources */ = {isa = PBXBuildFile; fileRef = 45C2AAA31F51CE9500716013 /* DynamicSphere.swift */; };
		45C2AAAE1F51CE9500716013 /* KinematicFloor.swift in Sources */ = {isa = PBXBuildFile; fileRef = 45C2AAA41F51CE9500716013 /* KinematicFloor.swift */; };
		45C2AAAF1F51CE9500716013 /* OmniDirectionalLight.swift in Sources */ = {isa = PBXBuildFile; fileRef = 45C2AAA51F51CE9500716013 /* OmniDirectionalLight.swift */; };
		45C2AAB11F51CE9500716013 /* SceneBalls_old.m in Sources */ = {isa = PBXBuildFile; fileRef = 45C2AAA81F51CE9500716013 /* SceneBalls_old.m */; };
		45C2AAB31F51CEFF00716013 /* BlinnPhongScene.swift in Sources */ = {isa = PBXBuildFile; fileRef = 45C2AAB21F51CEFF00716013 /* BlinnPhongScene.swift */; };
		45C2AAB51F51D19400716013 /* PhysicsBodyFeatures.swift in Sources */ = {isa = PBXBuildFile; fileRef = 45C2AAB41F51D19400716013 /* PhysicsBodyFeatures.swift */; };
		45FA4A991F4CC03700EBBC56 /* backPBR.png in Resources */ = {isa = PBXBuildFile; fileRef = 45FA4A921F4CC03700EBBC56 /* backPBR.png */; };
		45FA4A9A1F4CC03700EBBC56 /* downPBR.png in Resources */ = {isa = PBXBuildFile; fileRef = 45FA4A931F4CC03700EBBC56 /* downPBR.png */; };
		45FA4A9B1F4CC03700EBBC56 /* frontPBR.png in Resources */ = {isa = PBXBuildFile; fileRef = 45FA4A941F4CC03700EBBC56 /* frontPBR.png */; };
		45FA4A9C1F4CC03700EBBC56 /* leftPBR.png in Resources */ = {isa = PBXBuildFile; fileRef = 45FA4A951F4CC03700EBBC56 /* leftPBR.png */; };
		45FA4A9E1F4CC03700EBBC56 /* rightPBR.png in Resources */ = {isa = PBXBuildFile; fileRef = 45FA4A971F4CC03700EBBC56 /* rightPBR.png */; };
		45FA4A9F1F4CC03700EBBC56 /* upPBR.png in Resources */ = {isa = PBXBuildFile; fileRef = 45FA4A981F4CC03700EBBC56 /* upPBR.png */; };
		45FA4AA71F4CDCE400EBBC56 /* rustediron-diffuse.png in Resources */ = {isa = PBXBuildFile; fileRef = 45FA4AA41F4CDCE400EBBC56 /* rustediron-diffuse.png */; };
		45FA4AA91F4CDCE400EBBC56 /* rustediron-normal.png in Resources */ = {isa = PBXBuildFile; fileRef = 45FA4AA61F4CDCE400EBBC56 /* rustediron-normal.png */; };
		45FA4AAB1F4CDD3F00EBBC56 /* rustediron-metalness.png in Resources */ = {isa = PBXBuildFile; fileRef = 45FA4AAA1F4CDD3F00EBBC56 /* rustediron-metalness.png */; };
		45FA4AAD1F4CE1DD00EBBC56 /* Dragon.obj in Resources */ = {isa = PBXBuildFile; fileRef = 45FA4AAC1F4CE1DD00EBBC56 /* Dragon.obj */; };
		45FA4AAF1F4CE64100EBBC56 /* Floor.obj in Resources */ = {isa = PBXBuildFile; fileRef = 45FA4AAE1F4CE64100EBBC56 /* Floor.obj */; };
		45FA4AB41F4CE91C00EBBC56 /* floor-ambient-occlusion.png in Resources */ = {isa = PBXBuildFile; fileRef = 45FA4AB01F4CE91C00EBBC56 /* floor-ambient-occlusion.png */; };
		45FA4AB51F4CE91C00EBBC56 /* floor-diffuse.png in Resources */ = {isa = PBXBuildFile; fileRef = 45FA4AB11F4CE91C00EBBC56 /* floor-diffuse.png */; };
		45FA4AB61F4CE91C00EBBC56 /* floor-metalness.png in Resources */ = {isa = PBXBuildFile; fileRef = 45FA4AB21F4CE91C00EBBC56 /* floor-metalness.png */; };
		45FA4AB71F4CE91C00EBBC56 /* floor-normal.png in Resources */ = {isa = PBXBuildFile; fileRef = 45FA4AB31F4CE91C00EBBC56 /* floor-normal.png */; };
		45FA4ABB1F4CF88F00EBBC56 /* copper-diffuse.png in Resources */ = {isa = PBXBuildFile; fileRef = 45FA4AB81F4CF88F00EBBC56 /* copper-diffuse.png */; };
		45FA4ABC1F4CF88F00EBBC56 /* copper-metalness.png in Resources */ = {isa = PBXBuildFile; fileRef = 45FA4AB91F4CF88F00EBBC56 /* copper-metalness.png */; };
		45FA4ABD1F4CF88F00EBBC56 /* copper-normal.png in Resources */ = {isa = PBXBuildFile; fileRef = 45FA4ABA1F4CF88F00EBBC56 /* copper-normal.png */; };
		45FA4ABF1F4CF9CF00EBBC56 /* Lucy.obj in Resources */ = {isa = PBXBuildFile; fileRef = 45FA4ABE1F4CF9CF00EBBC56 /* Lucy.obj */; };
		45FA4AC41F4CFB1100EBBC56 /* cement-ambient-occlusion.png in Resources */ = {isa = PBXBuildFile; fileRef = 45FA4AC01F4CFB1100EBBC56 /* cement-ambient-occlusion.png */; };
		45FA4AC51F4CFB1100EBBC56 /* cement-diffuse.png in Resources */ = {isa = PBXBuildFile; fileRef = 45FA4AC11F4CFB1100EBBC56 /* cement-diffuse.png */; };
		45FA4AC61F4CFB1100EBBC56 /* cement-metalness.png in Resources */ = {isa = PBXBuildFile; fileRef = 45FA4AC21F4CFB1100EBBC56 /* cement-metalness.png */; };
		45FA4AC71F4CFB1100EBBC56 /* cement-normal.png in Resources */ = {isa = PBXBuildFile; fileRef = 45FA4AC31F4CFB1100EBBC56 /* cement-normal.png */; };
		45FA4AC91F4CFC4700EBBC56 /* HappyBuddha.obj in Resources */ = {isa = PBXBuildFile; fileRef = 45FA4AC81F4CFC4700EBBC56 /* HappyBuddha.obj */; };
		5F005DE71BB0AADC0048E2BE /* checked1.jpg in Resources */ = {isa = PBXBuildFile; fileRef = 5F005DE41BB0AADC0048E2BE /* checked1.jpg */; };
		5F005DE81BB0AADC0048E2BE /* checked2.jpg in Resources */ = {isa = PBXBuildFile; fileRef = 5F005DE51BB0AADC0048E2BE /* checked2.jpg */; };
		5F005DE91BB0AADC0048E2BE /* floor.jpg in Resources */ = {isa = PBXBuildFile; fileRef = 5F005DE61BB0AADC0048E2BE /* floor.jpg */; };
		5F005DEB1BB0B0520048E2BE /* pool.jpg in Resources */ = {isa = PBXBuildFile; fileRef = 5F005DEA1BB0B0520048E2BE /* pool.jpg */; };
		5F33507B1BB20CFE003569B8 /* marble1.jpg in Resources */ = {isa = PBXBuildFile; fileRef = 5F3350781BB20CFE003569B8 /* marble1.jpg */; };
		5F33507C1BB20CFE003569B8 /* marble3.jpg in Resources */ = {isa = PBXBuildFile; fileRef = 5F3350791BB20CFE003569B8 /* marble3.jpg */; };
		5F33507D1BB20CFE003569B8 /* marble2.jpg in Resources */ = {isa = PBXBuildFile; fileRef = 5F33507A1BB20CFE003569B8 /* marble2.jpg */; };
		5F8F6E3B1BB6069000D506F4 /* SceneTableViewController.m in Sources */ = {isa = PBXBuildFile; fileRef = 5F8F6E301BB6069000D506F4 /* SceneTableViewController.m */; };
		5F8F6E3C1BB6069000D506F4 /* SceneRenderViewController.m in Sources */ = {isa = PBXBuildFile; fileRef = 5F8F6E321BB6069000D506F4 /* SceneRenderViewController.m */; };
		5F8F6E3F1BB6069000D506F4 /* SceneFactory.m in Sources */ = {isa = PBXBuildFile; fileRef = 5F8F6E391BB6069000D506F4 /* SceneFactory.m */; };
		5FC07B0D1BACD601004CC435 /* main.m in Sources */ = {isa = PBXBuildFile; fileRef = 5FC07B0C1BACD601004CC435 /* main.m */; };
		5FC07B101BACD601004CC435 /* AppDelegate.m in Sources */ = {isa = PBXBuildFile; fileRef = 5FC07B0F1BACD601004CC435 /* AppDelegate.m */; };
		5FC07B121BACD601004CC435 /* art.scnassets in Resources */ = {isa = PBXBuildFile; fileRef = 5FC07B111BACD601004CC435 /* art.scnassets */; };
		5FC07B181BACD601004CC435 /* Main.storyboard in Resources */ = {isa = PBXBuildFile; fileRef = 5FC07B161BACD601004CC435 /* Main.storyboard */; };
		5FC07B1A1BACD601004CC435 /* Assets.xcassets in Resources */ = {isa = PBXBuildFile; fileRef = 5FC07B191BACD601004CC435 /* Assets.xcassets */; };
		5FC07B1D1BACD601004CC435 /* LaunchScreen.storyboard in Resources */ = {isa = PBXBuildFile; fileRef = 5FC07B1B1BACD601004CC435 /* LaunchScreen.storyboard */; };
		5FCD223D1BB6D74A00ADF253 /* back.png in Resources */ = {isa = PBXBuildFile; fileRef = 5FCD22371BB6D74A00ADF253 /* back.png */; };
		5FCD223E1BB6D74A00ADF253 /* down.png in Resources */ = {isa = PBXBuildFile; fileRef = 5FCD22381BB6D74A00ADF253 /* down.png */; };
		5FCD223F1BB6D74A00ADF253 /* front.png in Resources */ = {isa = PBXBuildFile; fileRef = 5FCD22391BB6D74A00ADF253 /* front.png */; };
		5FCD22401BB6D74A00ADF253 /* left.png in Resources */ = {isa = PBXBuildFile; fileRef = 5FCD223A1BB6D74A00ADF253 /* left.png */; };
		5FCD22411BB6D74A00ADF253 /* right.png in Resources */ = {isa = PBXBuildFile; fileRef = 5FCD223B1BB6D74A00ADF253 /* right.png */; };
		5FCD22421BB6D74A00ADF253 /* up.png in Resources */ = {isa = PBXBuildFile; fileRef = 5FCD223C1BB6D74A00ADF253 /* up.png */; };
/* End PBXBuildFile section */

/* Begin PBXFileReference section */
		450236BB1F51B2F30030159C /* light.ies */ = {isa = PBXFileReference; fileEncoding = 4; lastKnownFileType = text; path = light.ies; sourceTree = "<group>"; };
		450236BD1F51B73D0030159C /* Light.swift */ = {isa = PBXFileReference; fileEncoding = 4; lastKnownFileType = sourcecode.swift; path = Light.swift; sourceTree = "<group>"; };
		450236BF1F51B7680030159C /* Camera.swift */ = {isa = PBXFileReference; fileEncoding = 4; lastKnownFileType = sourcecode.swift; path = Camera.swift; sourceTree = "<group>"; };
		450236C01F51B7680030159C /* MeshLoader.swift */ = {isa = PBXFileReference; fileEncoding = 4; lastKnownFileType = sourcecode.swift; path = MeshLoader.swift; sourceTree = "<group>"; };
		450236C51F51B9A50030159C /* LightFeatures.swift */ = {isa = PBXFileReference; fileEncoding = 4; lastKnownFileType = sourcecode.swift; path = LightFeatures.swift; sourceTree = "<group>"; };
		450236CB1F51BF0F0030159C /* Object.swift */ = {isa = PBXFileReference; fileEncoding = 4; lastKnownFileType = sourcecode.swift; path = Object.swift; sourceTree = "<group>"; };
		455B7F231F5370780030A9D6 /* BlinnPhongDiffuseMaterialComponent.swift */ = {isa = PBXFileReference; fileEncoding = 4; lastKnownFileType = sourcecode.swift; path = BlinnPhongDiffuseMaterialComponent.swift; sourceTree = "<group>"; };
		45BCCBE71F50D60B00497E86 /* SceneCollada.h */ = {isa = PBXFileReference; fileEncoding = 4; lastKnownFileType = sourcecode.c.h; path = SceneCollada.h; sourceTree = "<group>"; };
		45BCCBE81F50D60B00497E86 /* SceneCollada.m */ = {isa = PBXFileReference; fileEncoding = 4; lastKnownFileType = sourcecode.c.objc; path = SceneCollada.m; sourceTree = "<group>"; };
		45BCCBEA1F50D60B00497E86 /* PhysicallyBasedLight.swift */ = {isa = PBXFileReference; fileEncoding = 4; lastKnownFileType = sourcecode.swift; path = PhysicallyBasedLight.swift; sourceTree = "<group>"; };
		45BCCBEB1F50D60B00497E86 /* PhysicallyBasedLightFeatures.swift */ = {isa = PBXFileReference; fileEncoding = 4; lastKnownFileType = sourcecode.swift; path = PhysicallyBasedLightFeatures.swift; sourceTree = "<group>"; };
		45BCCBEC1F50D60B00497E86 /* PhysicallyBasedScene.swift */ = {isa = PBXFileReference; fileEncoding = 4; lastKnownFileType = sourcecode.swift; path = PhysicallyBasedScene.swift; sourceTree = "<group>"; };
		45BCCBF41F50D6BB00497E86 /* PhysicallyBasedMaterial.swift */ = {isa = PBXFileReference; fileEncoding = 4; lastKnownFileType = sourcecode.swift; path = PhysicallyBasedMaterial.swift; sourceTree = "<group>"; };
		45BCCBF81F50D70000497E86 /* PhysicallyBasedObject.swift */ = {isa = PBXFileReference; fileEncoding = 4; lastKnownFileType = sourcecode.swift; path = PhysicallyBasedObject.swift; sourceTree = "<group>"; };
		45BCCBFA1F50D9AD00497E86 /* PhysicallyBasedLightingEnviroment.swift */ = {isa = PBXFileReference; fileEncoding = 4; lastKnownFileType = sourcecode.swift; path = PhysicallyBasedLightingEnviroment.swift; sourceTree = "<group>"; };
		45C2AA9F1F51CE9500716013 /* AmbientLight.swift */ = {isa = PBXFileReference; fileEncoding = 4; lastKnownFileType = sourcecode.swift; path = AmbientLight.swift; sourceTree = "<group>"; };
		45C2AAA01F51CE9500716013 /* BlinnPhongMaterial.swift */ = {isa = PBXFileReference; fileEncoding = 4; lastKnownFileType = sourcecode.swift; path = BlinnPhongMaterial.swift; sourceTree = "<group>"; };
		45C2AAA11F51CE9500716013 /* BoxFeatures.swift */ = {isa = PBXFileReference; fileEncoding = 4; lastKnownFileType = sourcecode.swift; path = BoxFeatures.swift; sourceTree = "<group>"; };
		45C2AAA21F51CE9500716013 /* DynamicBox.swift */ = {isa = PBXFileReference; fileEncoding = 4; lastKnownFileType = sourcecode.swift; path = DynamicBox.swift; sourceTree = "<group>"; };
		45C2AAA31F51CE9500716013 /* DynamicSphere.swift */ = {isa = PBXFileReference; fileEncoding = 4; lastKnownFileType = sourcecode.swift; path = DynamicSphere.swift; sourceTree = "<group>"; };
		45C2AAA41F51CE9500716013 /* KinematicFloor.swift */ = {isa = PBXFileReference; fileEncoding = 4; lastKnownFileType = sourcecode.swift; path = KinematicFloor.swift; sourceTree = "<group>"; };
		45C2AAA51F51CE9500716013 /* OmniDirectionalLight.swift */ = {isa = PBXFileReference; fileEncoding = 4; lastKnownFileType = sourcecode.swift; path = OmniDirectionalLight.swift; sourceTree = "<group>"; };
		45C2AAA71F51CE9500716013 /* SceneBalls_old.h */ = {isa = PBXFileReference; fileEncoding = 4; lastKnownFileType = sourcecode.c.h; path = SceneBalls_old.h; sourceTree = "<group>"; };
		45C2AAA81F51CE9500716013 /* SceneBalls_old.m */ = {isa = PBXFileReference; fileEncoding = 4; lastKnownFileType = sourcecode.c.objc; path = SceneBalls_old.m; sourceTree = "<group>"; };
		45C2AAB21F51CEFF00716013 /* BlinnPhongScene.swift */ = {isa = PBXFileReference; fileEncoding = 4; lastKnownFileType = sourcecode.swift; path = BlinnPhongScene.swift; sourceTree = "<group>"; };
		45C2AAB41F51D19400716013 /* PhysicsBodyFeatures.swift */ = {isa = PBXFileReference; fileEncoding = 4; lastKnownFileType = sourcecode.swift; path = PhysicsBodyFeatures.swift; sourceTree = "<group>"; };
		45FA4A921F4CC03700EBBC56 /* backPBR.png */ = {isa = PBXFileReference; lastKnownFileType = image.png; path = backPBR.png; sourceTree = "<group>"; };
		45FA4A931F4CC03700EBBC56 /* downPBR.png */ = {isa = PBXFileReference; lastKnownFileType = image.png; path = downPBR.png; sourceTree = "<group>"; };
		45FA4A941F4CC03700EBBC56 /* frontPBR.png */ = {isa = PBXFileReference; lastKnownFileType = image.png; path = frontPBR.png; sourceTree = "<group>"; };
		45FA4A951F4CC03700EBBC56 /* leftPBR.png */ = {isa = PBXFileReference; lastKnownFileType = image.png; path = leftPBR.png; sourceTree = "<group>"; };
		45FA4A971F4CC03700EBBC56 /* rightPBR.png */ = {isa = PBXFileReference; lastKnownFileType = image.png; path = rightPBR.png; sourceTree = "<group>"; };
		45FA4A981F4CC03700EBBC56 /* upPBR.png */ = {isa = PBXFileReference; lastKnownFileType = image.png; path = upPBR.png; sourceTree = "<group>"; };
		45FA4AA41F4CDCE400EBBC56 /* rustediron-diffuse.png */ = {isa = PBXFileReference; lastKnownFileType = image.png; path = "rustediron-diffuse.png"; sourceTree = "<group>"; };
		45FA4AA61F4CDCE400EBBC56 /* rustediron-normal.png */ = {isa = PBXFileReference; lastKnownFileType = image.png; path = "rustediron-normal.png"; sourceTree = "<group>"; };
		45FA4AAA1F4CDD3F00EBBC56 /* rustediron-metalness.png */ = {isa = PBXFileReference; lastKnownFileType = image.png; path = "rustediron-metalness.png"; sourceTree = "<group>"; };
		45FA4AAC1F4CE1DD00EBBC56 /* Dragon.obj */ = {isa = PBXFileReference; fileEncoding = 4; lastKnownFileType = text; path = Dragon.obj; sourceTree = "<group>"; };
		45FA4AAE1F4CE64100EBBC56 /* Floor.obj */ = {isa = PBXFileReference; fileEncoding = 4; lastKnownFileType = text; path = Floor.obj; sourceTree = "<group>"; };
		45FA4AB01F4CE91C00EBBC56 /* floor-ambient-occlusion.png */ = {isa = PBXFileReference; lastKnownFileType = image.png; path = "floor-ambient-occlusion.png"; sourceTree = "<group>"; };
		45FA4AB11F4CE91C00EBBC56 /* floor-diffuse.png */ = {isa = PBXFileReference; lastKnownFileType = image.png; path = "floor-diffuse.png"; sourceTree = "<group>"; };
		45FA4AB21F4CE91C00EBBC56 /* floor-metalness.png */ = {isa = PBXFileReference; lastKnownFileType = image.png; path = "floor-metalness.png"; sourceTree = "<group>"; };
		45FA4AB31F4CE91C00EBBC56 /* floor-normal.png */ = {isa = PBXFileReference; lastKnownFileType = image.png; path = "floor-normal.png"; sourceTree = "<group>"; };
		45FA4AB81F4CF88F00EBBC56 /* copper-diffuse.png */ = {isa = PBXFileReference; lastKnownFileType = image.png; path = "copper-diffuse.png"; sourceTree = "<group>"; };
		45FA4AB91F4CF88F00EBBC56 /* copper-metalness.png */ = {isa = PBXFileReference; lastKnownFileType = image.png; path = "copper-metalness.png"; sourceTree = "<group>"; };
		45FA4ABA1F4CF88F00EBBC56 /* copper-normal.png */ = {isa = PBXFileReference; lastKnownFileType = image.png; path = "copper-normal.png"; sourceTree = "<group>"; };
		45FA4ABE1F4CF9CF00EBBC56 /* Lucy.obj */ = {isa = PBXFileReference; fileEncoding = 4; lastKnownFileType = text; path = Lucy.obj; sourceTree = "<group>"; };
		45FA4AC01F4CFB1100EBBC56 /* cement-ambient-occlusion.png */ = {isa = PBXFileReference; lastKnownFileType = image.png; path = "cement-ambient-occlusion.png"; sourceTree = "<group>"; };
		45FA4AC11F4CFB1100EBBC56 /* cement-diffuse.png */ = {isa = PBXFileReference; lastKnownFileType = image.png; path = "cement-diffuse.png"; sourceTree = "<group>"; };
		45FA4AC21F4CFB1100EBBC56 /* cement-metalness.png */ = {isa = PBXFileReference; lastKnownFileType = image.png; path = "cement-metalness.png"; sourceTree = "<group>"; };
		45FA4AC31F4CFB1100EBBC56 /* cement-normal.png */ = {isa = PBXFileReference; lastKnownFileType = image.png; path = "cement-normal.png"; sourceTree = "<group>"; };
		45FA4AC81F4CFC4700EBBC56 /* HappyBuddha.obj */ = {isa = PBXFileReference; fileEncoding = 4; lastKnownFileType = text; path = HappyBuddha.obj; sourceTree = "<group>"; };
		5F005DE41BB0AADC0048E2BE /* checked1.jpg */ = {isa = PBXFileReference; lastKnownFileType = image.jpeg; path = checked1.jpg; sourceTree = "<group>"; };
		5F005DE51BB0AADC0048E2BE /* checked2.jpg */ = {isa = PBXFileReference; lastKnownFileType = image.jpeg; path = checked2.jpg; sourceTree = "<group>"; };
		5F005DE61BB0AADC0048E2BE /* floor.jpg */ = {isa = PBXFileReference; lastKnownFileType = image.jpeg; path = floor.jpg; sourceTree = "<group>"; };
		5F005DEA1BB0B0520048E2BE /* pool.jpg */ = {isa = PBXFileReference; lastKnownFileType = image.jpeg; path = pool.jpg; sourceTree = "<group>"; };
		5F3350781BB20CFE003569B8 /* marble1.jpg */ = {isa = PBXFileReference; lastKnownFileType = image.jpeg; path = marble1.jpg; sourceTree = "<group>"; };
		5F3350791BB20CFE003569B8 /* marble3.jpg */ = {isa = PBXFileReference; lastKnownFileType = image.jpeg; path = marble3.jpg; sourceTree = "<group>"; };
		5F33507A1BB20CFE003569B8 /* marble2.jpg */ = {isa = PBXFileReference; lastKnownFileType = image.jpeg; path = marble2.jpg; sourceTree = "<group>"; };
		5F669ABD1BB60E17003139EC /* Scene.h */ = {isa = PBXFileReference; lastKnownFileType = sourcecode.c.h; path = Scene.h; sourceTree = "<group>"; };
		5F8F6E2F1BB6069000D506F4 /* SceneTableViewController.h */ = {isa = PBXFileReference; fileEncoding = 4; lastKnownFileType = sourcecode.c.h; path = SceneTableViewController.h; sourceTree = "<group>"; };
		5F8F6E301BB6069000D506F4 /* SceneTableViewController.m */ = {isa = PBXFileReference; fileEncoding = 4; lastKnownFileType = sourcecode.c.objc; path = SceneTableViewController.m; sourceTree = "<group>"; };
		5F8F6E311BB6069000D506F4 /* SceneRenderViewController.h */ = {isa = PBXFileReference; fileEncoding = 4; lastKnownFileType = sourcecode.c.h; path = SceneRenderViewController.h; sourceTree = "<group>"; };
		5F8F6E321BB6069000D506F4 /* SceneRenderViewController.m */ = {isa = PBXFileReference; fileEncoding = 4; lastKnownFileType = sourcecode.c.objc; path = SceneRenderViewController.m; sourceTree = "<group>"; };
		5F8F6E381BB6069000D506F4 /* SceneFactory.h */ = {isa = PBXFileReference; fileEncoding = 4; lastKnownFileType = sourcecode.c.h; path = SceneFactory.h; sourceTree = "<group>"; };
		5F8F6E391BB6069000D506F4 /* SceneFactory.m */ = {isa = PBXFileReference; fileEncoding = 4; lastKnownFileType = sourcecode.c.objc; path = SceneFactory.m; sourceTree = "<group>"; };
		5FC07B081BACD601004CC435 /* ExploringSceneKit.app */ = {isa = PBXFileReference; explicitFileType = wrapper.application; includeInIndex = 0; path = ExploringSceneKit.app; sourceTree = BUILT_PRODUCTS_DIR; };
		5FC07B0C1BACD601004CC435 /* main.m */ = {isa = PBXFileReference; lastKnownFileType = sourcecode.c.objc; path = main.m; sourceTree = "<group>"; };
		5FC07B0E1BACD601004CC435 /* AppDelegate.h */ = {isa = PBXFileReference; lastKnownFileType = sourcecode.c.h; path = AppDelegate.h; sourceTree = "<group>"; };
		5FC07B0F1BACD601004CC435 /* AppDelegate.m */ = {isa = PBXFileReference; lastKnownFileType = sourcecode.c.objc; path = AppDelegate.m; sourceTree = "<group>"; };
		5FC07B111BACD601004CC435 /* art.scnassets */ = {isa = PBXFileReference; lastKnownFileType = wrapper.scnassets; path = art.scnassets; sourceTree = "<group>"; };
		5FC07B171BACD601004CC435 /* Base */ = {isa = PBXFileReference; lastKnownFileType = file.storyboard; name = Base; path = Base.lproj/Main.storyboard; sourceTree = "<group>"; };
		5FC07B191BACD601004CC435 /* Assets.xcassets */ = {isa = PBXFileReference; lastKnownFileType = folder.assetcatalog; path = Assets.xcassets; sourceTree = "<group>"; };
		5FC07B1C1BACD601004CC435 /* Base */ = {isa = PBXFileReference; lastKnownFileType = file.storyboard; name = Base; path = Base.lproj/LaunchScreen.storyboard; sourceTree = "<group>"; };
		5FC07B1E1BACD601004CC435 /* Info.plist */ = {isa = PBXFileReference; lastKnownFileType = text.plist.xml; path = Info.plist; sourceTree = "<group>"; };
		5FCD22371BB6D74A00ADF253 /* back.png */ = {isa = PBXFileReference; lastKnownFileType = image.png; path = back.png; sourceTree = "<group>"; };
		5FCD22381BB6D74A00ADF253 /* down.png */ = {isa = PBXFileReference; lastKnownFileType = image.png; path = down.png; sourceTree = "<group>"; };
		5FCD22391BB6D74A00ADF253 /* front.png */ = {isa = PBXFileReference; lastKnownFileType = image.png; path = front.png; sourceTree = "<group>"; };
		5FCD223A1BB6D74A00ADF253 /* left.png */ = {isa = PBXFileReference; lastKnownFileType = image.png; path = left.png; sourceTree = "<group>"; };
		5FCD223B1BB6D74A00ADF253 /* right.png */ = {isa = PBXFileReference; lastKnownFileType = image.png; path = right.png; sourceTree = "<group>"; };
		5FCD223C1BB6D74A00ADF253 /* up.png */ = {isa = PBXFileReference; lastKnownFileType = image.png; path = up.png; sourceTree = "<group>"; };
/* End PBXFileReference section */

/* Begin PBXFrameworksBuildPhase section */
		5FC07B051BACD601004CC435 /* Frameworks */ = {
			isa = PBXFrameworksBuildPhase;
			buildActionMask = 2147483647;
			files = (
			);
			runOnlyForDeploymentPostprocessing = 0;
		};
/* End PBXFrameworksBuildPhase section */

/* Begin PBXGroup section */
		459C337F1F4B7CDC0022CFF1 /* Objs */ = {
			isa = PBXGroup;
			children = (
				45FA4AAC1F4CE1DD00EBBC56 /* Dragon.obj */,
				45FA4AAE1F4CE64100EBBC56 /* Floor.obj */,
				45FA4AC81F4CFC4700EBBC56 /* HappyBuddha.obj */,
				45FA4ABE1F4CF9CF00EBBC56 /* Lucy.obj */,
			);
			path = Objs;
			sourceTree = "<group>";
		};
		45BCCBE61F50D60B00497E86 /* Collada */ = {
			isa = PBXGroup;
			children = (
				45BCCBE71F50D60B00497E86 /* SceneCollada.h */,
				45BCCBE81F50D60B00497E86 /* SceneCollada.m */,
			);
			path = Collada;
			sourceTree = "<group>";
		};
		45BCCBE91F50D60B00497E86 /* PhysicallyBasedRendering */ = {
			isa = PBXGroup;
			children = (
				45BCCBEA1F50D60B00497E86 /* PhysicallyBasedLight.swift */,
				45BCCBEB1F50D60B00497E86 /* PhysicallyBasedLightFeatures.swift */,
				45BCCBFA1F50D9AD00497E86 /* PhysicallyBasedLightingEnviroment.swift */,
				45BCCBF41F50D6BB00497E86 /* PhysicallyBasedMaterial.swift */,
				45BCCBF81F50D70000497E86 /* PhysicallyBasedObject.swift */,
				45BCCBEC1F50D60B00497E86 /* PhysicallyBasedScene.swift */,
			);
			path = PhysicallyBasedRendering;
			sourceTree = "<group>";
		};
		45C2AA9E1F51CE9500716013 /* BlinnPhong */ = {
			isa = PBXGroup;
			children = (
				45C2AA9F1F51CE9500716013 /* AmbientLight.swift */,
				45C2AAA01F51CE9500716013 /* BlinnPhongMaterial.swift */,
				455B7F231F5370780030A9D6 /* BlinnPhongDiffuseMaterialComponent.swift */,
				45C2AAB21F51CEFF00716013 /* BlinnPhongScene.swift */,
				45C2AAA11F51CE9500716013 /* BoxFeatures.swift */,
				45C2AAA21F51CE9500716013 /* DynamicBox.swift */,
				45C2AAA31F51CE9500716013 /* DynamicSphere.swift */,
				45C2AAA41F51CE9500716013 /* KinematicFloor.swift */,
				45C2AAA51F51CE9500716013 /* OmniDirectionalLight.swift */,
				45C2AAA71F51CE9500716013 /* SceneBalls_old.h */,
				45C2AAA81F51CE9500716013 /* SceneBalls_old.m */,
			);
			path = BlinnPhong;
			sourceTree = "<group>";
		};
		45FA4A911F4CC03700EBBC56 /* skyboxPhysicallyBased */ = {
			isa = PBXGroup;
			children = (
				45FA4A921F4CC03700EBBC56 /* backPBR.png */,
				45FA4A931F4CC03700EBBC56 /* downPBR.png */,
				45FA4A941F4CC03700EBBC56 /* frontPBR.png */,
				45FA4A951F4CC03700EBBC56 /* leftPBR.png */,
				45FA4A971F4CC03700EBBC56 /* rightPBR.png */,
				45FA4A981F4CC03700EBBC56 /* upPBR.png */,
			);
			path = skyboxPhysicallyBased;
			sourceTree = "<group>";
		};
		5F005DE31BB0AADC0048E2BE /* images */ = {
			isa = PBXGroup;
			children = (
				45FA4A911F4CC03700EBBC56 /* skyboxPhysicallyBased */,
				5FCD22361BB6D74A00ADF253 /* skybox */,
				5F3350781BB20CFE003569B8 /* marble1.jpg */,
				5F3350791BB20CFE003569B8 /* marble3.jpg */,
				5F33507A1BB20CFE003569B8 /* marble2.jpg */,
				5F005DEA1BB0B0520048E2BE /* pool.jpg */,
				5F005DE41BB0AADC0048E2BE /* checked1.jpg */,
				5F005DE51BB0AADC0048E2BE /* checked2.jpg */,
				450236BB1F51B2F30030159C /* light.ies */,
				5F005DE61BB0AADC0048E2BE /* floor.jpg */,
				45FA4AB01F4CE91C00EBBC56 /* floor-ambient-occlusion.png */,
				45FA4AB11F4CE91C00EBBC56 /* floor-diffuse.png */,
				45FA4AB21F4CE91C00EBBC56 /* floor-metalness.png */,
				45FA4AB31F4CE91C00EBBC56 /* floor-normal.png */,
				45FA4AA41F4CDCE400EBBC56 /* rustediron-diffuse.png */,
				45FA4AAA1F4CDD3F00EBBC56 /* rustediron-metalness.png */,
				45FA4AA61F4CDCE400EBBC56 /* rustediron-normal.png */,
				45FA4AB81F4CF88F00EBBC56 /* copper-diffuse.png */,
				45FA4AB91F4CF88F00EBBC56 /* copper-metalness.png */,
				45FA4ABA1F4CF88F00EBBC56 /* copper-normal.png */,
				45FA4AC01F4CFB1100EBBC56 /* cement-ambient-occlusion.png */,
				45FA4AC11F4CFB1100EBBC56 /* cement-diffuse.png */,
				45FA4AC21F4CFB1100EBBC56 /* cement-metalness.png */,
				45FA4AC31F4CFB1100EBBC56 /* cement-normal.png */,
			);
			path = images;
			sourceTree = "<group>";
		};
		5F669AB61BB60A98003139EC /* Scenes */ = {
			isa = PBXGroup;
			children = (
				45C2AA9E1F51CE9500716013 /* BlinnPhong */,
				45BCCBE61F50D60B00497E86 /* Collada */,
				45BCCBE91F50D60B00497E86 /* PhysicallyBasedRendering */,
				5F669ABD1BB60E17003139EC /* Scene.h */,
				45C2AAB41F51D19400716013 /* PhysicsBodyFeatures.swift */,
				450236BD1F51B73D0030159C /* Light.swift */,
				450236C51F51B9A50030159C /* LightFeatures.swift */,
				450236BF1F51B7680030159C /* Camera.swift */,
				450236C01F51B7680030159C /* MeshLoader.swift */,
				450236CB1F51BF0F0030159C /* Object.swift */,
			);
			path = Scenes;
			sourceTree = "<group>";
		};
		5F8F6E2B1BB6069000D506F4 /* Controller */ = {
			isa = PBXGroup;
			children = (
				5F8F6E2F1BB6069000D506F4 /* SceneTableViewController.h */,
				5F8F6E301BB6069000D506F4 /* SceneTableViewController.m */,
				5F8F6E311BB6069000D506F4 /* SceneRenderViewController.h */,
				5F8F6E321BB6069000D506F4 /* SceneRenderViewController.m */,
			);
			path = Controller;
			sourceTree = "<group>";
		};
		5F8F6E331BB6069000D506F4 /* Model */ = {
			isa = PBXGroup;
			children = (
				5F669AB61BB60A98003139EC /* Scenes */,
				5F8F6E381BB6069000D506F4 /* SceneFactory.h */,
				5F8F6E391BB6069000D506F4 /* SceneFactory.m */,
			);
			path = Model;
			sourceTree = "<group>";
		};
		5FC07AFF1BACD601004CC435 = {
			isa = PBXGroup;
			children = (
				5FC07B0A1BACD601004CC435 /* ExploringSceneKit */,
				5FC07B091BACD601004CC435 /* Products */,
			);
			sourceTree = "<group>";
		};
		5FC07B091BACD601004CC435 /* Products */ = {
			isa = PBXGroup;
			children = (
				5FC07B081BACD601004CC435 /* ExploringSceneKit.app */,
			);
			name = Products;
			sourceTree = "<group>";
		};
		5FC07B0A1BACD601004CC435 /* ExploringSceneKit */ = {
			isa = PBXGroup;
			children = (
				5F8F6E2B1BB6069000D506F4 /* Controller */,
				5F8F6E331BB6069000D506F4 /* Model */,
				5FC07B0E1BACD601004CC435 /* AppDelegate.h */,
				5FC07B0F1BACD601004CC435 /* AppDelegate.m */,
				5F005DE31BB0AADC0048E2BE /* images */,
				459C337F1F4B7CDC0022CFF1 /* Objs */,
				5FC07B191BACD601004CC435 /* Assets.xcassets */,
				5FC07B111BACD601004CC435 /* art.scnassets */,
				5FC07B161BACD601004CC435 /* Main.storyboard */,
				5FC07B1B1BACD601004CC435 /* LaunchScreen.storyboard */,
				5FC07B1E1BACD601004CC435 /* Info.plist */,
				5FC07B0B1BACD601004CC435 /* Supporting Files */,
			);
			path = ExploringSceneKit;
			sourceTree = "<group>";
		};
		5FC07B0B1BACD601004CC435 /* Supporting Files */ = {
			isa = PBXGroup;
			children = (
				5FC07B0C1BACD601004CC435 /* main.m */,
			);
			name = "Supporting Files";
			sourceTree = "<group>";
		};
		5FCD22361BB6D74A00ADF253 /* skybox */ = {
			isa = PBXGroup;
			children = (
				5FCD22371BB6D74A00ADF253 /* back.png */,
				5FCD22381BB6D74A00ADF253 /* down.png */,
				5FCD22391BB6D74A00ADF253 /* front.png */,
				5FCD223A1BB6D74A00ADF253 /* left.png */,
				5FCD223B1BB6D74A00ADF253 /* right.png */,
				5FCD223C1BB6D74A00ADF253 /* up.png */,
			);
			path = skybox;
			sourceTree = "<group>";
		};
/* End PBXGroup section */

/* Begin PBXNativeTarget section */
		5FC07B071BACD601004CC435 /* ExploringSceneKit */ = {
			isa = PBXNativeTarget;
			buildConfigurationList = 5FC07B211BACD601004CC435 /* Build configuration list for PBXNativeTarget "ExploringSceneKit" */;
			buildPhases = (
				5FC07B041BACD601004CC435 /* Sources */,
				5FC07B051BACD601004CC435 /* Frameworks */,
				5FC07B061BACD601004CC435 /* Resources */,
			);
			buildRules = (
			);
			dependencies = (
			);
			name = ExploringSceneKit;
			productName = ChicioSceneKit;
			productReference = 5FC07B081BACD601004CC435 /* ExploringSceneKit.app */;
			productType = "com.apple.product-type.application";
		};
/* End PBXNativeTarget section */

/* Begin PBXProject section */
		5FC07B001BACD601004CC435 /* Project object */ = {
			isa = PBXProject;
			attributes = {
				LastUpgradeCheck = 0800;
				ORGANIZATIONNAME = "Fabrizio Duroni";
				TargetAttributes = {
					5FC07B071BACD601004CC435 = {
						CreatedOnToolsVersion = 7.0;
						DevelopmentTeam = Y682K92RZU;
						LastSwiftMigration = 0830;
					};
				};
			};
			buildConfigurationList = 5FC07B031BACD601004CC435 /* Build configuration list for PBXProject "ExploringSceneKit" */;
			compatibilityVersion = "Xcode 3.2";
			developmentRegion = English;
			hasScannedForEncodings = 0;
			knownRegions = (
				en,
				Base,
			);
			mainGroup = 5FC07AFF1BACD601004CC435;
			productRefGroup = 5FC07B091BACD601004CC435 /* Products */;
			projectDirPath = "";
			projectRoot = "";
			targets = (
				5FC07B071BACD601004CC435 /* ExploringSceneKit */,
			);
		};
/* End PBXProject section */

/* Begin PBXResourcesBuildPhase section */
		5FC07B061BACD601004CC435 /* Resources */ = {
			isa = PBXResourcesBuildPhase;
			buildActionMask = 2147483647;
			files = (
				45FA4A9F1F4CC03700EBBC56 /* upPBR.png in Resources */,
				45FA4AB61F4CE91C00EBBC56 /* floor-metalness.png in Resources */,
				45FA4AB51F4CE91C00EBBC56 /* floor-diffuse.png in Resources */,
				45FA4A9C1F4CC03700EBBC56 /* leftPBR.png in Resources */,
				45FA4AB41F4CE91C00EBBC56 /* floor-ambient-occlusion.png in Resources */,
				45FA4AC61F4CFB1100EBBC56 /* cement-metalness.png in Resources */,
				5F33507C1BB20CFE003569B8 /* marble3.jpg in Resources */,
				5F005DE71BB0AADC0048E2BE /* checked1.jpg in Resources */,
				45FA4AC41F4CFB1100EBBC56 /* cement-ambient-occlusion.png in Resources */,
				45FA4ABC1F4CF88F00EBBC56 /* copper-metalness.png in Resources */,
				45FA4AC51F4CFB1100EBBC56 /* cement-diffuse.png in Resources */,
				5F005DEB1BB0B0520048E2BE /* pool.jpg in Resources */,
				45FA4ABD1F4CF88F00EBBC56 /* copper-normal.png in Resources */,
				5FCD223E1BB6D74A00ADF253 /* down.png in Resources */,
				45FA4AA71F4CDCE400EBBC56 /* rustediron-diffuse.png in Resources */,
				5F005DE91BB0AADC0048E2BE /* floor.jpg in Resources */,
				450236BC1F51B2F30030159C /* light.ies in Resources */,
				5FC07B121BACD601004CC435 /* art.scnassets in Resources */,
				45FA4A9B1F4CC03700EBBC56 /* frontPBR.png in Resources */,
				5FC07B1D1BACD601004CC435 /* LaunchScreen.storyboard in Resources */,
				45FA4A9A1F4CC03700EBBC56 /* downPBR.png in Resources */,
				45FA4AC91F4CFC4700EBBC56 /* HappyBuddha.obj in Resources */,
				45FA4ABF1F4CF9CF00EBBC56 /* Lucy.obj in Resources */,
				5F33507B1BB20CFE003569B8 /* marble1.jpg in Resources */,
				5F33507D1BB20CFE003569B8 /* marble2.jpg in Resources */,
				5FCD22421BB6D74A00ADF253 /* up.png in Resources */,
				5FCD223F1BB6D74A00ADF253 /* front.png in Resources */,
				45FA4AAF1F4CE64100EBBC56 /* Floor.obj in Resources */,
				5FCD22411BB6D74A00ADF253 /* right.png in Resources */,
				45FA4AAB1F4CDD3F00EBBC56 /* rustediron-metalness.png in Resources */,
				45FA4ABB1F4CF88F00EBBC56 /* copper-diffuse.png in Resources */,
				5FCD223D1BB6D74A00ADF253 /* back.png in Resources */,
				45FA4A9E1F4CC03700EBBC56 /* rightPBR.png in Resources */,
				5FCD22401BB6D74A00ADF253 /* left.png in Resources */,
				45FA4AC71F4CFB1100EBBC56 /* cement-normal.png in Resources */,
				45FA4A991F4CC03700EBBC56 /* backPBR.png in Resources */,
				5FC07B1A1BACD601004CC435 /* Assets.xcassets in Resources */,
				45FA4AB71F4CE91C00EBBC56 /* floor-normal.png in Resources */,
				5F005DE81BB0AADC0048E2BE /* checked2.jpg in Resources */,
				45FA4AAD1F4CE1DD00EBBC56 /* Dragon.obj in Resources */,
				5FC07B181BACD601004CC435 /* Main.storyboard in Resources */,
				45FA4AA91F4CDCE400EBBC56 /* rustediron-normal.png in Resources */,
			);
			runOnlyForDeploymentPostprocessing = 0;
		};
/* End PBXResourcesBuildPhase section */

/* Begin PBXSourcesBuildPhase section */
		5FC07B041BACD601004CC435 /* Sources */ = {
			isa = PBXSourcesBuildPhase;
			buildActionMask = 2147483647;
			files = (
				45C2AAB31F51CEFF00716013 /* BlinnPhongScene.swift in Sources */,
				5F8F6E3C1BB6069000D506F4 /* SceneRenderViewController.m in Sources */,
				5FC07B101BACD601004CC435 /* AppDelegate.m in Sources */,
				45BCCBEF1F50D60B00497E86 /* PhysicallyBasedLight.swift in Sources */,
				450236C61F51B9A50030159C /* LightFeatures.swift in Sources */,
				5F8F6E3B1BB6069000D506F4 /* SceneTableViewController.m in Sources */,
				45C2AAAF1F51CE9500716013 /* OmniDirectionalLight.swift in Sources */,
				45C2AAAE1F51CE9500716013 /* KinematicFloor.swift in Sources */,
				5FC07B0D1BACD601004CC435 /* main.m in Sources */,
				45C2AAAA1F51CE9500716013 /* BlinnPhongMaterial.swift in Sources */,
				45C2AAB11F51CE9500716013 /* SceneBalls_old.m in Sources */,
				45C2AAB51F51D19400716013 /* PhysicsBodyFeatures.swift in Sources */,
				45BCCBEE1F50D60B00497E86 /* SceneCollada.m in Sources */,
				5F8F6E3F1BB6069000D506F4 /* SceneFactory.m in Sources */,
				455B7F241F5370780030A9D6 /* BlinnPhongDiffuseMaterialComponent.swift in Sources */,
				450236CC1F51BF0F0030159C /* Object.swift in Sources */,
				45BCCBF51F50D6BB00497E86 /* PhysicallyBasedMaterial.swift in Sources */,
				45C2AAA91F51CE9500716013 /* AmbientLight.swift in Sources */,
				45BCCBFB1F50D9AD00497E86 /* PhysicallyBasedLightingEnviroment.swift in Sources */,
				45BCCBF01F50D60B00497E86 /* PhysicallyBasedLightFeatures.swift in Sources */,
				450236C11F51B7680030159C /* Camera.swift in Sources */,
				45BCCBF91F50D70000497E86 /* PhysicallyBasedObject.swift in Sources */,
				450236BE1F51B73D0030159C /* Light.swift in Sources */,
				45BCCBF11F50D60B00497E86 /* PhysicallyBasedScene.swift in Sources */,
				450236C21F51B7680030159C /* MeshLoader.swift in Sources */,
				45C2AAAD1F51CE9500716013 /* DynamicSphere.swift in Sources */,
				45C2AAAC1F51CE9500716013 /* DynamicBox.swift in Sources */,
				45C2AAAB1F51CE9500716013 /* BoxFeatures.swift in Sources */,
			);
			runOnlyForDeploymentPostprocessing = 0;
		};
/* End PBXSourcesBuildPhase section */

/* Begin PBXVariantGroup section */
		5FC07B161BACD601004CC435 /* Main.storyboard */ = {
			isa = PBXVariantGroup;
			children = (
				5FC07B171BACD601004CC435 /* Base */,
			);
			name = Main.storyboard;
			sourceTree = "<group>";
		};
		5FC07B1B1BACD601004CC435 /* LaunchScreen.storyboard */ = {
			isa = PBXVariantGroup;
			children = (
				5FC07B1C1BACD601004CC435 /* Base */,
			);
			name = LaunchScreen.storyboard;
			sourceTree = "<group>";
		};
/* End PBXVariantGroup section */

/* Begin XCBuildConfiguration section */
		5FC07B1F1BACD601004CC435 /* Debug */ = {
			isa = XCBuildConfiguration;
			buildSettings = {
				ALWAYS_SEARCH_USER_PATHS = NO;
				CLANG_CXX_LANGUAGE_STANDARD = "gnu++0x";
				CLANG_CXX_LIBRARY = "libc++";
				CLANG_ENABLE_MODULES = YES;
				CLANG_ENABLE_OBJC_ARC = YES;
				CLANG_WARN_BOOL_CONVERSION = YES;
				CLANG_WARN_CONSTANT_CONVERSION = YES;
				CLANG_WARN_DIRECT_OBJC_ISA_USAGE = YES_ERROR;
				CLANG_WARN_EMPTY_BODY = YES;
				CLANG_WARN_ENUM_CONVERSION = YES;
				CLANG_WARN_INFINITE_RECURSION = YES;
				CLANG_WARN_INT_CONVERSION = YES;
				CLANG_WARN_OBJC_ROOT_CLASS = YES_ERROR;
				CLANG_WARN_SUSPICIOUS_MOVE = YES;
				CLANG_WARN_UNREACHABLE_CODE = YES;
				CLANG_WARN__DUPLICATE_METHOD_MATCH = YES;
				"CODE_SIGN_IDENTITY[sdk=iphoneos*]" = "iPhone Developer";
				COPY_PHASE_STRIP = NO;
				DEBUG_INFORMATION_FORMAT = "dwarf-with-dsym";
				ENABLE_STRICT_OBJC_MSGSEND = YES;
				ENABLE_TESTABILITY = YES;
				GCC_C_LANGUAGE_STANDARD = gnu99;
				GCC_DYNAMIC_NO_PIC = NO;
				GCC_NO_COMMON_BLOCKS = YES;
				GCC_OPTIMIZATION_LEVEL = 0;
				GCC_PREPROCESSOR_DEFINITIONS = (
					"DEBUG=1",
					"$(inherited)",
				);
				GCC_WARN_64_TO_32_BIT_CONVERSION = YES;
				GCC_WARN_ABOUT_RETURN_TYPE = YES_ERROR;
				GCC_WARN_UNDECLARED_SELECTOR = YES;
				GCC_WARN_UNINITIALIZED_AUTOS = YES_AGGRESSIVE;
				GCC_WARN_UNUSED_FUNCTION = YES;
				GCC_WARN_UNUSED_VARIABLE = YES;
				IPHONEOS_DEPLOYMENT_TARGET = 10.0;
				MTL_ENABLE_DEBUG_INFO = YES;
				ONLY_ACTIVE_ARCH = YES;
				SDKROOT = iphoneos;
				TARGETED_DEVICE_FAMILY = 2;
			};
			name = Debug;
		};
		5FC07B201BACD601004CC435 /* Release */ = {
			isa = XCBuildConfiguration;
			buildSettings = {
				ALWAYS_SEARCH_USER_PATHS = NO;
				CLANG_CXX_LANGUAGE_STANDARD = "gnu++0x";
				CLANG_CXX_LIBRARY = "libc++";
				CLANG_ENABLE_MODULES = YES;
				CLANG_ENABLE_OBJC_ARC = YES;
				CLANG_WARN_BOOL_CONVERSION = YES;
				CLANG_WARN_CONSTANT_CONVERSION = YES;
				CLANG_WARN_DIRECT_OBJC_ISA_USAGE = YES_ERROR;
				CLANG_WARN_EMPTY_BODY = YES;
				CLANG_WARN_ENUM_CONVERSION = YES;
				CLANG_WARN_INFINITE_RECURSION = YES;
				CLANG_WARN_INT_CONVERSION = YES;
				CLANG_WARN_OBJC_ROOT_CLASS = YES_ERROR;
				CLANG_WARN_SUSPICIOUS_MOVE = YES;
				CLANG_WARN_UNREACHABLE_CODE = YES;
				CLANG_WARN__DUPLICATE_METHOD_MATCH = YES;
				"CODE_SIGN_IDENTITY[sdk=iphoneos*]" = "iPhone Developer";
				COPY_PHASE_STRIP = NO;
				DEBUG_INFORMATION_FORMAT = "dwarf-with-dsym";
				ENABLE_NS_ASSERTIONS = NO;
				ENABLE_STRICT_OBJC_MSGSEND = YES;
				GCC_C_LANGUAGE_STANDARD = gnu99;
				GCC_NO_COMMON_BLOCKS = YES;
				GCC_WARN_64_TO_32_BIT_CONVERSION = YES;
				GCC_WARN_ABOUT_RETURN_TYPE = YES_ERROR;
				GCC_WARN_UNDECLARED_SELECTOR = YES;
				GCC_WARN_UNINITIALIZED_AUTOS = YES_AGGRESSIVE;
				GCC_WARN_UNUSED_FUNCTION = YES;
				GCC_WARN_UNUSED_VARIABLE = YES;
				IPHONEOS_DEPLOYMENT_TARGET = 10.0;
				MTL_ENABLE_DEBUG_INFO = NO;
				SDKROOT = iphoneos;
				TARGETED_DEVICE_FAMILY = 2;
				VALIDATE_PRODUCT = YES;
			};
			name = Release;
		};
		5FC07B221BACD601004CC435 /* Debug */ = {
			isa = XCBuildConfiguration;
			buildSettings = {
				ASSETCATALOG_COMPILER_APPICON_NAME = AppIcon;
				CLANG_ENABLE_MODULES = YES;
				CODE_SIGN_IDENTITY = "iPhone Developer";
				DEVELOPMENT_TEAM = Y682K92RZU;
				INFOPLIST_FILE = ExploringSceneKit/Info.plist;
				IPHONEOS_DEPLOYMENT_TARGET = 10.0;
				LD_RUNPATH_SEARCH_PATHS = "$(inherited) @executable_path/Frameworks";
				PRODUCT_BUNDLE_IDENTIFIER = it.chicio.ExploringSceneKit;
				PRODUCT_NAME = ExploringSceneKit;
				SWIFT_OBJC_BRIDGING_HEADER = "ExploringSceneKit/Model/Scenes/ExploringSceneKit-Bridging-Header.h";
				SWIFT_OPTIMIZATION_LEVEL = "-Onone";
				SWIFT_VERSION = 3.0;
				TARGETED_DEVICE_FAMILY = 1;
			};
			name = Debug;
		};
		5FC07B231BACD601004CC435 /* Release */ = {
			isa = XCBuildConfiguration;
			buildSettings = {
				ASSETCATALOG_COMPILER_APPICON_NAME = AppIcon;
				CLANG_ENABLE_MODULES = YES;
				CODE_SIGN_IDENTITY = "iPhone Developer";
				DEVELOPMENT_TEAM = Y682K92RZU;
				INFOPLIST_FILE = ExploringSceneKit/Info.plist;
				IPHONEOS_DEPLOYMENT_TARGET = 10.0;
				LD_RUNPATH_SEARCH_PATHS = "$(inherited) @executable_path/Frameworks";
				PRODUCT_BUNDLE_IDENTIFIER = it.chicio.ExploringSceneKit;
				PRODUCT_NAME = ExploringSceneKit;
				SWIFT_OBJC_BRIDGING_HEADER = "ExploringSceneKit/Model/Scenes/ExploringSceneKit-Bridging-Header.h";
				SWIFT_VERSION = 3.0;
				TARGETED_DEVICE_FAMILY = 1;
			};
			name = Release;
		};
/* End XCBuildConfiguration section */

/* Begin XCConfigurationList section */
		5FC07B031BACD601004CC435 /* Build configuration list for PBXProject "ExploringSceneKit" */ = {
			isa = XCConfigurationList;
			buildConfigurations = (
				5FC07B1F1BACD601004CC435 /* Debug */,
				5FC07B201BACD601004CC435 /* Release */,
			);
			defaultConfigurationIsVisible = 0;
			defaultConfigurationName = Release;
		};
		5FC07B211BACD601004CC435 /* Build configuration list for PBXNativeTarget "ExploringSceneKit" */ = {
			isa = XCConfigurationList;
			buildConfigurations = (
				5FC07B221BACD601004CC435 /* Debug */,
				5FC07B231BACD601004CC435 /* Release */,
			);
			defaultConfigurationIsVisible = 0;
			defaultConfigurationName = Release;
		};
/* End XCConfigurationList section */
	};
	rootObject = 5FC07B001BACD601004CC435 /* Project object */;
}
